
Microsoft Visual Studio Solution File, Format Version 12.00
# Visual Studio Version 16
VisualStudioVersion = 16.0.31402.337
MinimumVisualStudioVersion = 10.0.40219.1
Project("{9A19103F-16F7-4668-BE54-9A1E7A4F7556}") = "DataPrepConsoleUI", "DataPrepConsoleUI\DataPrepConsoleUI.csproj", "{D9878BBD-A5AD-44A9-9F3F-3F541F6006ED}"
EndProject
Project("{FAE04EC0-301F-11D3-BF4B-00C04F79EFBC}") = "EFConsoleUI", "EFConsoleUI\EFConsoleUI.csproj", "{62A90A41-9BE7-4777-B02D-1D261CE1A7E7}"
EndProject
Project("{FAE04EC0-301F-11D3-BF4B-00C04F79EFBC}") = "DataAccessLibrary", "DataAccessLibrary\DataAccessLibrary.csproj", "{59C9A0D9-733F-46A0-BF0F-C72A51A9DFDB}"
EndProject
Project("{FAE04EC0-301F-11D3-BF4B-00C04F79EFBC}") = "DataAccessLibrary.Models", "DataAccessLibrary.Models\DataAccessLibrary.Models.csproj", "{3BFDA9DA-EFF0-4288-9B54-198CBDA944B4}"
EndProject
Global
	GlobalSection(SolutionConfigurationPlatforms) = preSolution
		Debug|Any CPU = Debug|Any CPU
		Release|Any CPU = Release|Any CPU
	EndGlobalSection
	GlobalSection(ProjectConfigurationPlatforms) = postSolution
		{D9878BBD-A5AD-44A9-9F3F-3F541F6006ED}.Debug|Any CPU.ActiveCfg = Debug|Any CPU
		{D9878BBD-A5AD-44A9-9F3F-3F541F6006ED}.Debug|Any CPU.Build.0 = Debug|Any CPU
		{D9878BBD-A5AD-44A9-9F3F-3F541F6006ED}.Release|Any CPU.ActiveCfg = Release|Any CPU
		{D9878BBD-A5AD-44A9-9F3F-3F541F6006ED}.Release|Any CPU.Build.0 = Release|Any CPU
		{62A90A41-9BE7-4777-B02D-1D261CE1A7E7}.Debug|Any CPU.ActiveCfg = Debug|Any CPU
		{62A90A41-9BE7-4777-B02D-1D261CE1A7E7}.Debug|Any CPU.Build.0 = Debug|Any CPU
		{62A90A41-9BE7-4777-B02D-1D261CE1A7E7}.Release|Any CPU.ActiveCfg = Release|Any CPU
		{62A90A41-9BE7-4777-B02D-1D261CE1A7E7}.Release|Any CPU.Build.0 = Release|Any CPU
		{59C9A0D9-733F-46A0-BF0F-C72A51A9DFDB}.Debug|Any CPU.ActiveCfg = Debug|Any CPU
		{59C9A0D9-733F-46A0-BF0F-C72A51A9DFDB}.Debug|Any CPU.Build.0 = Debug|Any CPU
		{59C9A0D9-733F-46A0-BF0F-C72A51A9DFDB}.Release|Any CPU.ActiveCfg = Release|Any CPU
		{59C9A0D9-733F-46A0-BF0F-C72A51A9DFDB}.Release|Any CPU.Build.0 = Release|Any CPU
		{3BFDA9DA-EFF0-4288-9B54-198CBDA944B4}.Debug|Any CPU.ActiveCfg = Debug|Any CPU
		{3BFDA9DA-EFF0-4288-9B54-198CBDA944B4}.Debug|Any CPU.Build.0 = Debug|Any CPU
		{3BFDA9DA-EFF0-4288-9B54-198CBDA944B4}.Release|Any CPU.ActiveCfg = Release|Any CPU
		{3BFDA9DA-EFF0-4288-9B54-198CBDA944B4}.Release|Any CPU.Build.0 = Release|Any CPU
	EndGlobalSection
	GlobalSection(SolutionProperties) = preSolution
		HideSolutionNode = FALSE
	EndGlobalSection
	GlobalSection(ExtensibilityGlobals) = postSolution
		SolutionGuid = {59872E64-2F48-45A2-988A-9886ECAD9D3E}
	EndGlobalSection
EndGlobal
